
Microsoft Visual Studio Solution File, Format Version 12.00
# Visual Studio Version 16
VisualStudioVersion = 16.0.29318.209
MinimumVisualStudioVersion = 10.0.40219.1
Project("{9A19103F-16F7-4668-BE54-9A1E7A4F7556}") = "ClassLib", "ClassLib\ClassLib.csproj", "{AEA79B1B-73CB-4570-B87C-D5FC945C4B69}"
EndProject
Project("{FAE04EC0-301F-11D3-BF4B-00C04F79EFBC}") = "SerializConsoleApp", "SerializConsoleApp\SerializConsoleApp.csproj", "{45E5C209-5C91-45A8-B821-67065040BD98}"
EndProject
Global
	GlobalSection(SolutionConfigurationPlatforms) = preSolution
		Debug|Any CPU = Debug|Any CPU
		Release|Any CPU = Release|Any CPU
	EndGlobalSection
	GlobalSection(ProjectConfigurationPlatforms) = postSolution
		{AEA79B1B-73CB-4570-B87C-D5FC945C4B69}.Debug|Any CPU.ActiveCfg = Debug|Any CPU
		{AEA79B1B-73CB-4570-B87C-D5FC945C4B69}.Debug|Any CPU.Build.0 = Debug|Any CPU
		{AEA79B1B-73CB-4570-B87C-D5FC945C4B69}.Release|Any CPU.ActiveCfg = Release|Any CPU
		{AEA79B1B-73CB-4570-B87C-D5FC945C4B69}.Release|Any CPU.Build.0 = Release|Any CPU
		{45E5C209-5C91-45A8-B821-67065040BD98}.Debug|Any CPU.ActiveCfg = Debug|Any CPU
		{45E5C209-5C91-45A8-B821-67065040BD98}.Debug|Any CPU.Build.0 = Debug|Any CPU
		{45E5C209-5C91-45A8-B821-67065040BD98}.Release|Any CPU.ActiveCfg = Release|Any CPU
		{45E5C209-5C91-45A8-B821-67065040BD98}.Release|Any CPU.Build.0 = Release|Any CPU
	EndGlobalSection
	GlobalSection(SolutionProperties) = preSolution
		HideSolutionNode = FALSE
	EndGlobalSection
	GlobalSection(ExtensibilityGlobals) = postSolution
		SolutionGuid = {E51E83A9-D4D9-46A9-A471-2E3505A4B1AE}
	EndGlobalSection
EndGlobal
